{
  "nodes": {
    "nixpkgs": {
      "locked": {
        "lastModified": 1717196966,
        "narHash": "sha256-yZKhxVIKd2lsbOqYd5iDoUIwsRZFqE87smE2Vzf6Ck0=",
        "owner": "nixos",
        "repo": "nixpkgs",
        "rev": "57610d2f8f0937f39dbd72251e9614b1561942d8",
        "type": "github"
      },
      "original": {
        "owner": "nixos",
        "ref": "nixos-unstable",
        "repo": "nixpkgs",
        "type": "github"
      }
    },
    "root": {
      "inputs": {
        "nixpkgs": "nixpkgs",
        "services-library": "services-library"
      }
    },
    "services-library": {
      "locked": {
        "lastModified": 1723371292,
        "narHash": "sha256-c8sveILXhUKz8sKbTT7mloDpI2aX9oueRmcHenANey8=",
        "ref": "refs/heads/main",
        "rev": "2c07552ae3581134b5f05c750ab600b04c8ceae9",
        "revCount": 10,
        "type": "git",
        "url": "https://gitea.chiliahedron.wtf/chiliahedron/services-library"
      },
      "original": {
        "type": "git",
        "url": "https://gitea.chiliahedron.wtf/chiliahedron/services-library"
      }
    }
  },
  "root": "root",
  "version": 7
}
