{
  "nodes": {
    "nixpkgs": {
      "locked": {
        "lastModified": 1716509168,
        "narHash": "sha256-4zSIhSRRIoEBwjbPm3YiGtbd8HDWzFxJjw5DYSDy1n8=",
        "owner": "nixos",
        "repo": "nixpkgs",
        "rev": "bfb7a882678e518398ce9a31a881538679f6f092",
        "type": "github"
      },
      "original": {
        "owner": "nixos",
        "ref": "nixos-unstable",
        "repo": "nixpkgs",
        "type": "github"
      }
    },
    "nixpkgs_2": {
      "locked": {
        "lastModified": 1715447595,
        "narHash": "sha256-VsVAUQOj/cS1LCOmMjAGeRksXIAdPnFIjCQ0XLkCsT0=",
        "owner": "nixos",
        "repo": "nixpkgs",
        "rev": "062ca2a9370a27a35c524dc82d540e6e9824b652",
        "type": "github"
      },
      "original": {
        "owner": "nixos",
        "ref": "nixos-unstable",
        "repo": "nixpkgs",
        "type": "github"
      }
    },
    "private-pkgs": {
      "inputs": {
        "nixpkgs": "nixpkgs_2"
      },
      "locked": {
        "lastModified": 1716851117,
        "narHash": "sha256-GRdTiDndHJLaCHgF8YkkEnTzj1NaHq3XBVCW6XfQtxg=",
        "ref": "refs/heads/main",
        "rev": "b3b1606cabb95a600a74e65e9c167f6f6796086d",
        "revCount": 11,
        "type": "git",
        "url": "https://gitea.chiliahedron.wtf/chiliahedron/homelab-packages"
      },
      "original": {
        "type": "git",
        "url": "https://gitea.chiliahedron.wtf/chiliahedron/homelab-packages"
      }
    },
    "root": {
      "inputs": {
        "nixpkgs": "nixpkgs",
        "private-pkgs": "private-pkgs"
      }
    }
  },
  "root": "root",
  "version": 7
}
